// !$*UTF8*$!
{
	archiveVersion = 1;
	classes = {
	};
	objectVersion = 56;
	objects = {

/* Begin PBXBuildFile section */
		3BBE3CC92E64312700E42445 /* CalendarView.swift in Sources */ = {isa = PBXBuildFile; fileRef = 3BBE3CC32E64312600E42445 /* CalendarView.swift */; };
		3BBE3CCA2E64312700E42445 /* Components.swift in Sources */ = {isa = PBXBuildFile; fileRef = 3BBE3CC42E64312600E42445 /* Components.swift */; };
		3BBE3CCB2E64312700E42445 /* LanguageManager.swift in Sources */ = {isa = PBXBuildFile; fileRef = 3BBE3CC52E64312600E42445 /* LanguageManager.swift */; };
		3BBE3CCC2E64312700E42445 /* HomeView.swift in Sources */ = {isa = PBXBuildFile; fileRef = 3BBE3CC62E64312700E42445 /* HomeView.swift */; };
		3BBE3CCD2E64312700E42445 /* ProfileView.swift in Sources */ = {isa = PBXBuildFile; fileRef = 3BBE3CC72E64312700E42445 /* ProfileView.swift */; };
		3BBE3CCE2E64312700E42445 /* Models.swift in Sources */ = {isa = PBXBuildFile; fileRef = 3BBE3CC82E64312700E42445 /* Models.swift */; };
		3BBE3CD32E6434D900E42445 /* ja.json in Resources */ = {isa = PBXBuildFile; fileRef = 3BBE3CD02E6434D800E42445 /* ja.json */; };
		3BBE3CD42E6434D900E42445 /* vi.json in Resources */ = {isa = PBXBuildFile; fileRef = 3BBE3CD12E6434D900E42445 /* vi.json */; };
		3BBE3CD52E6434D900E42445 /* en.json in Resources */ = {isa = PBXBuildFile; fileRef = 3BBE3CD22E6434D900E42445 /* en.json */; };
		3BE1B35C2E4F7366008282B2 /* daily_kanshaApp.swift in Sources */ = {isa = PBXBuildFile; fileRef = 3BE1B35B2E4F7366008282B2 /* daily_kanshaApp.swift */; };
		3BE1B35E2E4F7366008282B2 /* ContentView.swift in Sources */ = {isa = PBXBuildFile; fileRef = 3BE1B35D2E4F7366008282B2 /* ContentView.swift */; };
		3BE1B3602E4F7368008282B2 /* Assets.xcassets in Resources */ = {isa = PBXBuildFile; fileRef = 3BE1B35F2E4F7368008282B2 /* Assets.xcassets */; };
		3BE1B3642E4F7368008282B2 /* Preview Assets.xcassets in Resources */ = {isa = PBXBuildFile; fileRef = 3BE1B3632E4F7368008282B2 /* Preview Assets.xcassets */; };
/* End PBXBuildFile section */

/* Begin PBXFileReference section */
		3BBE3CC32E64312600E42445 /* CalendarView.swift */ = {isa = PBXFileReference; fileEncoding = 4; lastKnownFileType = sourcecode.swift; path = CalendarView.swift; sourceTree = "<group>"; };
		3BBE3CC42E64312600E42445 /* Components.swift */ = {isa = PBXFileReference; fileEncoding = 4; lastKnownFileType = sourcecode.swift; path = Components.swift; sourceTree = "<group>"; };
		3BBE3CC52E64312600E42445 /* LanguageManager.swift */ = {isa = PBXFileReference; fileEncoding = 4; lastKnownFileType = sourcecode.swift; path = LanguageManager.swift; sourceTree = "<group>"; };
		3BBE3CC62E64312700E42445 /* HomeView.swift */ = {isa = PBXFileReference; fileEncoding = 4; lastKnownFileType = sourcecode.swift; path = HomeView.swift; sourceTree = "<group>"; };
		3BBE3CC72E64312700E42445 /* ProfileView.swift */ = {isa = PBXFileReference; fileEncoding = 4; lastKnownFileType = sourcecode.swift; path = ProfileView.swift; sourceTree = "<group>"; };
		3BBE3CC82E64312700E42445 /* Models.swift */ = {isa = PBXFileReference; fileEncoding = 4; lastKnownFileType = sourcecode.swift; path = Models.swift; sourceTree = "<group>"; };
		3BBE3CD02E6434D800E42445 /* ja.json */ = {isa = PBXFileReference; fileEncoding = 4; lastKnownFileType = text.json; path = ja.json; sourceTree = "<group>"; };
		3BBE3CD12E6434D900E42445 /* vi.json */ = {isa = PBXFileReference; fileEncoding = 4; lastKnownFileType = text.json; path = vi.json; sourceTree = "<group>"; };
		3BBE3CD22E6434D900E42445 /* en.json */ = {isa = PBXFileReference; fileEncoding = 4; lastKnownFileType = text.json; path = en.json; sourceTree = "<group>"; };
		3BE1B3582E4F7366008282B2 /* daily kansha.app */ = {isa = PBXFileReference; explicitFileType = wrapper.application; includeInIndex = 0; path = "daily kansha.app"; sourceTree = BUILT_PRODUCTS_DIR; };
		3BE1B35B2E4F7366008282B2 /* daily_kanshaApp.swift */ = {isa = PBXFileReference; lastKnownFileType = sourcecode.swift; path = daily_kanshaApp.swift; sourceTree = "<group>"; };
		3BE1B35D2E4F7366008282B2 /* ContentView.swift */ = {isa = PBXFileReference; lastKnownFileType = sourcecode.swift; path = ContentView.swift; sourceTree = "<group>"; };
		3BE1B35F2E4F7368008282B2 /* Assets.xcassets */ = {isa = PBXFileReference; lastKnownFileType = folder.assetcatalog; path = Assets.xcassets; sourceTree = "<group>"; };
		3BE1B3612E4F7368008282B2 /* daily_kansha.entitlements */ = {isa = PBXFileReference; lastKnownFileType = text.plist.entitlements; path = daily_kansha.entitlements; sourceTree = "<group>"; };
		3BE1B3632E4F7368008282B2 /* Preview Assets.xcassets */ = {isa = PBXFileReference; lastKnownFileType = folder.assetcatalog; path = "Preview Assets.xcassets"; sourceTree = "<group>"; };
/* End PBXFileReference section */

/* Begin PBXFrameworksBuildPhase section */
		3BE1B3552E4F7366008282B2 /* Frameworks */ = {
			isa = PBXFrameworksBuildPhase;
			buildActionMask = 2147483647;
			files = (
			);
			runOnlyForDeploymentPostprocessing = 0;
		};
/* End PBXFrameworksBuildPhase section */

/* Begin PBXGroup section */
		3BE1B34F2E4F7366008282B2 = {
			isa = PBXGroup;
			children = (
				3BE1B35A2E4F7366008282B2 /* daily kansha */,
				3BE1B3592E4F7366008282B2 /* Products */,
			);
			sourceTree = "<group>";
		};
		3BE1B3592E4F7366008282B2 /* Products */ = {
			isa = PBXGroup;
			children = (
				3BE1B3582E4F7366008282B2 /* daily kansha.app */,
			);
			name = Products;
			sourceTree = "<group>";
		};
		3BE1B35A2E4F7366008282B2 /* daily kansha */ = {
			isa = PBXGroup;
			children = (
				3BBE3CD22E6434D900E42445 /* en.json */,
				3BBE3CD02E6434D800E42445 /* ja.json */,
				3BBE3CD12E6434D900E42445 /* vi.json */,
				3BBE3CC32E64312600E42445 /* CalendarView.swift */,
				3BBE3CC42E64312600E42445 /* Components.swift */,
				3BBE3CC62E64312700E42445 /* HomeView.swift */,
				3BBE3CC52E64312600E42445 /* LanguageManager.swift */,
				3BBE3CC82E64312700E42445 /* Models.swift */,
				3BBE3CC72E64312700E42445 /* ProfileView.swift */,
				3BE1B35B2E4F7366008282B2 /* daily_kanshaApp.swift */,
				3BE1B35D2E4F7366008282B2 /* ContentView.swift */,
				3BE1B35F2E4F7368008282B2 /* Assets.xcassets */,
				3BE1B3612E4F7368008282B2 /* daily_kansha.entitlements */,
				3BE1B3622E4F7368008282B2 /* Preview Content */,
			);
			path = "daily kansha";
			sourceTree = "<group>";
		};
		3BE1B3622E4F7368008282B2 /* Preview Content */ = {
			isa = PBXGroup;
			children = (
				3BE1B3632E4F7368008282B2 /* Preview Assets.xcassets */,
			);
			path = "Preview Content";
			sourceTree = "<group>";
		};
/* End PBXGroup section */

/* Begin PBXNativeTarget section */
		3BE1B3572E4F7366008282B2 /* daily kansha */ = {
			isa = PBXNativeTarget;
			buildConfigurationList = 3BE1B3672E4F7368008282B2 /* Build configuration list for PBXNativeTarget "daily kansha" */;
			buildPhases = (
				3BE1B3542E4F7366008282B2 /* Sources */,
				3BE1B3552E4F7366008282B2 /* Frameworks */,
				3BE1B3562E4F7366008282B2 /* Resources */,
			);
			buildRules = (
			);
			dependencies = (
			);
			name = "daily kansha";
			productName = "daily kansha";
			productReference = 3BE1B3582E4F7366008282B2 /* daily kansha.app */;
			productType = "com.apple.product-type.application";
		};
/* End PBXNativeTarget section */

/* Begin PBXProject section */
		3BE1B3502E4F7366008282B2 /* Project object */ = {
			isa = PBXProject;
			attributes = {
				BuildIndependentTargetsInParallel = 1;
				LastSwiftUpdateCheck = 1420;
				LastUpgradeCheck = 1420;
				TargetAttributes = {
					3BE1B3572E4F7366008282B2 = {
						CreatedOnToolsVersion = 14.2;
					};
				};
			};
			buildConfigurationList = 3BE1B3532E4F7366008282B2 /* Build configuration list for PBXProject "daily kansha" */;
			compatibilityVersion = "Xcode 14.0";
			developmentRegion = en;
			hasScannedForEncodings = 0;
			knownRegions = (
				en,
				Base,
			);
			mainGroup = 3BE1B34F2E4F7366008282B2;
			productRefGroup = 3BE1B3592E4F7366008282B2 /* Products */;
			projectDirPath = "";
			projectRoot = "";
			targets = (
				3BE1B3572E4F7366008282B2 /* daily kansha */,
			);
		};
/* End PBXProject section */

/* Begin PBXResourcesBuildPhase section */
		3BE1B3562E4F7366008282B2 /* Resources */ = {
			isa = PBXResourcesBuildPhase;
			buildActionMask = 2147483647;
			files = (
				3BBE3CD52E6434D900E42445 /* en.json in Resources */,
				3BBE3CD32E6434D900E42445 /* ja.json in Resources */,
				3BE1B3642E4F7368008282B2 /* Preview Assets.xcassets in Resources */,
				3BBE3CD42E6434D900E42445 /* vi.json in Resources */,
				3BE1B3602E4F7368008282B2 /* Assets.xcassets in Resources */,
			);
			runOnlyForDeploymentPostprocessing = 0;
		};
/* End PBXResourcesBuildPhase section */

/* Begin PBXSourcesBuildPhase section */
		3BE1B3542E4F7366008282B2 /* Sources */ = {
			isa = PBXSourcesBuildPhase;
			buildActionMask = 2147483647;
			files = (
				3BE1B35E2E4F7366008282B2 /* ContentView.swift in Sources */,
				3BBE3CCA2E64312700E42445 /* Components.swift in Sources */,
				3BE1B35C2E4F7366008282B2 /* daily_kanshaApp.swift in Sources */,
				3BBE3CCE2E64312700E42445 /* Models.swift in Sources */,
				3BBE3CCC2E64312700E42445 /* HomeView.swift in Sources */,
				3BBE3CC92E64312700E42445 /* CalendarView.swift in Sources */,
				3BBE3CCD2E64312700E42445 /* ProfileView.swift in Sources */,
				3BBE3CCB2E64312700E42445 /* LanguageManager.swift in Sources */,
			);
			runOnlyForDeploymentPostprocessing = 0;
		};
/* End PBXSourcesBuildPhase section */

/* Begin XCBuildConfiguration section */
		3BE1B3652E4F7368008282B2 /* Debug */ = {
			isa = XCBuildConfiguration;
			buildSettings = {
				ALWAYS_SEARCH_USER_PATHS = NO;
				CLANG_ANALYZER_NONNULL = YES;
				CLANG_ANALYZER_NUMBER_OBJECT_CONVERSION = YES_AGGRESSIVE;
				CLANG_CXX_LANGUAGE_STANDARD = "gnu++20";
				CLANG_ENABLE_MODULES = YES;
				CLANG_ENABLE_OBJC_ARC = YES;
				CLANG_ENABLE_OBJC_WEAK = YES;
				CLANG_WARN_BLOCK_CAPTURE_AUTORELEASING = YES;
				CLANG_WARN_BOOL_CONVERSION = YES;
				CLANG_WARN_COMMA = YES;
				CLANG_WARN_CONSTANT_CONVERSION = YES;
				CLANG_WARN_DEPRECATED_OBJC_IMPLEMENTATIONS = YES;
				CLANG_WARN_DIRECT_OBJC_ISA_USAGE = YES_ERROR;
				CLANG_WARN_DOCUMENTATION_COMMENTS = YES;
				CLANG_WARN_EMPTY_BODY = YES;
				CLANG_WARN_ENUM_CONVERSION = YES;
				CLANG_WARN_INFINITE_RECURSION = YES;
				CLANG_WARN_INT_CONVERSION = YES;
				CLANG_WARN_NON_LITERAL_NULL_CONVERSION = YES;
				CLANG_WARN_OBJC_IMPLICIT_RETAIN_SELF = YES;
				CLANG_WARN_OBJC_LITERAL_CONVERSION = YES;
				CLANG_WARN_OBJC_ROOT_CLASS = YES_ERROR;
				CLANG_WARN_QUOTED_INCLUDE_IN_FRAMEWORK_HEADER = YES;
				CLANG_WARN_RANGE_LOOP_ANALYSIS = YES;
				CLANG_WARN_STRICT_PROTOTYPES = YES;
				CLANG_WARN_SUSPICIOUS_MOVE = YES;
				CLANG_WARN_UNGUARDED_AVAILABILITY = YES_AGGRESSIVE;
				CLANG_WARN_UNREACHABLE_CODE = YES;
				CLANG_WARN__DUPLICATE_METHOD_MATCH = YES;
				COPY_PHASE_STRIP = NO;
				DEBUG_INFORMATION_FORMAT = dwarf;
				ENABLE_STRICT_OBJC_MSGSEND = YES;
				ENABLE_TESTABILITY = YES;
				GCC_C_LANGUAGE_STANDARD = gnu11;
				GCC_DYNAMIC_NO_PIC = NO;
				GCC_NO_COMMON_BLOCKS = YES;
				GCC_OPTIMIZATION_LEVEL = 0;
				GCC_PREPROCESSOR_DEFINITIONS = (
					"DEBUG=1",
					"$(inherited)",
				);
				GCC_WARN_64_TO_32_BIT_CONVERSION = YES;
				GCC_WARN_ABOUT_RETURN_TYPE = YES_ERROR;
				GCC_WARN_UNDECLARED_SELECTOR = YES;
				GCC_WARN_UNINITIALIZED_AUTOS = YES_AGGRESSIVE;
				GCC_WARN_UNUSED_FUNCTION = YES;
				GCC_WARN_UNUSED_VARIABLE = YES;
				MTL_ENABLE_DEBUG_INFO = INCLUDE_SOURCE;
				MTL_FAST_MATH = YES;
				ONLY_ACTIVE_ARCH = YES;
				SWIFT_ACTIVE_COMPILATION_CONDITIONS = DEBUG;
				SWIFT_OPTIMIZATION_LEVEL = "-Onone";
			};
			name = Debug;
		};
		3BE1B3662E4F7368008282B2 /* Release */ = {
			isa = XCBuildConfiguration;
			buildSettings = {
				ALWAYS_SEARCH_USER_PATHS = NO;
				CLANG_ANALYZER_NONNULL = YES;
				CLANG_ANALYZER_NUMBER_OBJECT_CONVERSION = YES_AGGRESSIVE;
				CLANG_CXX_LANGUAGE_STANDARD = "gnu++20";
				CLANG_ENABLE_MODULES = YES;
				CLANG_ENABLE_OBJC_ARC = YES;
				CLANG_ENABLE_OBJC_WEAK = YES;
				CLANG_WARN_BLOCK_CAPTURE_AUTORELEASING = YES;
				CLANG_WARN_BOOL_CONVERSION = YES;
				CLANG_WARN_COMMA = YES;
				CLANG_WARN_CONSTANT_CONVERSION = YES;
				CLANG_WARN_DEPRECATED_OBJC_IMPLEMENTATIONS = YES;
				CLANG_WARN_DIRECT_OBJC_ISA_USAGE = YES_ERROR;
				CLANG_WARN_DOCUMENTATION_COMMENTS = YES;
				CLANG_WARN_EMPTY_BODY = YES;
				CLANG_WARN_ENUM_CONVERSION = YES;
				CLANG_WARN_INFINITE_RECURSION = YES;
				CLANG_WARN_INT_CONVERSION = YES;
				CLANG_WARN_NON_LITERAL_NULL_CONVERSION = YES;
				CLANG_WARN_OBJC_IMPLICIT_RETAIN_SELF = YES;
				CLANG_WARN_OBJC_LITERAL_CONVERSION = YES;
				CLANG_WARN_OBJC_ROOT_CLASS = YES_ERROR;
				CLANG_WARN_QUOTED_INCLUDE_IN_FRAMEWORK_HEADER = YES;
				CLANG_WARN_RANGE_LOOP_ANALYSIS = YES;
				CLANG_WARN_STRICT_PROTOTYPES = YES;
				CLANG_WARN_SUSPICIOUS_MOVE = YES;
				CLANG_WARN_UNGUARDED_AVAILABILITY = YES_AGGRESSIVE;
				CLANG_WARN_UNREACHABLE_CODE = YES;
				CLANG_WARN__DUPLICATE_METHOD_MATCH = YES;
				COPY_PHASE_STRIP = NO;
				DEBUG_INFORMATION_FORMAT = "dwarf-with-dsym";
				ENABLE_NS_ASSERTIONS = NO;
				ENABLE_STRICT_OBJC_MSGSEND = YES;
				GCC_C_LANGUAGE_STANDARD = gnu11;
				GCC_NO_COMMON_BLOCKS = YES;
				GCC_WARN_64_TO_32_BIT_CONVERSION = YES;
				GCC_WARN_ABOUT_RETURN_TYPE = YES_ERROR;
				GCC_WARN_UNDECLARED_SELECTOR = YES;
				GCC_WARN_UNINITIALIZED_AUTOS = YES_AGGRESSIVE;
				GCC_WARN_UNUSED_FUNCTION = YES;
				GCC_WARN_UNUSED_VARIABLE = YES;
				MTL_ENABLE_DEBUG_INFO = NO;
				MTL_FAST_MATH = YES;
				SWIFT_COMPILATION_MODE = wholemodule;
				SWIFT_OPTIMIZATION_LEVEL = "-O";
			};
			name = Release;
		};
		3BE1B3682E4F7368008282B2 /* Debug */ = {
			isa = XCBuildConfiguration;
			buildSettings = {
				ASSETCATALOG_COMPILER_APPICON_NAME = AppIcon;
				"ASSETCATALOG_COMPILER_APPICON_NAME[sdk=iphoneos*]" = AppIcon;
				ASSETCATALOG_COMPILER_GLOBAL_ACCENT_COLOR_NAME = AccentColor;
				ASSETCATALOG_COMPILER_INCLUDE_ALL_APPICON_ASSETS = YES;
				CODE_SIGN_ENTITLEMENTS = "daily kansha/daily_kansha.entitlements";
				CODE_SIGN_STYLE = Automatic;
				CURRENT_PROJECT_VERSION = 1;
				DEVELOPMENT_ASSET_PATHS = "\"daily kansha/Preview Content\"";
				DEVELOPMENT_TEAM = 3C9JXZ77Y6;
				ENABLE_PREVIEWS = YES;
				GENERATE_INFOPLIST_FILE = YES;
				INFOPLIST_KEY_CFBundleDisplayName = "Daily Kansha";
				"INFOPLIST_KEY_UIApplicationSceneManifest_Generation[sdk=iphoneos*]" = YES;
				"INFOPLIST_KEY_UIApplicationSceneManifest_Generation[sdk=iphonesimulator*]" = YES;
				"INFOPLIST_KEY_UIApplicationSupportsIndirectInputEvents[sdk=iphoneos*]" = YES;
				"INFOPLIST_KEY_UIApplicationSupportsIndirectInputEvents[sdk=iphonesimulator*]" = YES;
				"INFOPLIST_KEY_UILaunchScreen_Generation[sdk=iphoneos*]" = YES;
				"INFOPLIST_KEY_UILaunchScreen_Generation[sdk=iphonesimulator*]" = YES;
				"INFOPLIST_KEY_UIStatusBarStyle[sdk=iphoneos*]" = UIStatusBarStyleDefault;
				"INFOPLIST_KEY_UIStatusBarStyle[sdk=iphonesimulator*]" = UIStatusBarStyleDefault;
				INFOPLIST_KEY_UISupportedInterfaceOrientations_iPad = "UIInterfaceOrientationPortrait UIInterfaceOrientationPortraitUpsideDown UIInterfaceOrientationLandscapeLeft UIInterfaceOrientationLandscapeRight";
				INFOPLIST_KEY_UISupportedInterfaceOrientations_iPhone = "UIInterfaceOrientationPortrait UIInterfaceOrientationLandscapeLeft UIInterfaceOrientationLandscapeRight";
				IPHONEOS_DEPLOYMENT_TARGET = 15.0;
				LD_RUNPATH_SEARCH_PATHS = "@executable_path/Frameworks";
				"LD_RUNPATH_SEARCH_PATHS[sdk=macosx*]" = "@executable_path/../Frameworks";
				MACOSX_DEPLOYMENT_TARGET = 12.7;
				MARKETING_VERSION = 1.0;
				PRODUCT_BUNDLE_IDENTIFIER = "com.theld.me21.daily-kansha";
				PRODUCT_NAME = "$(TARGET_NAME)";
				SDKROOT = auto;
				SUPPORTED_PLATFORMS = "iphoneos iphonesimulator";
				SUPPORTS_MACCATALYST = NO;
				SUPPORTS_MAC_DESIGNED_FOR_IPHONE_IPAD = NO;
				SWIFT_EMIT_LOC_STRINGS = YES;
				SWIFT_VERSION = 5.0;
				TARGETED_DEVICE_FAMILY = "1,2";
			};
			name = Debug;
		};
		3BE1B3692E4F7368008282B2 /* Release */ = {
			isa = XCBuildConfiguration;
			buildSettings = {
				ASSETCATALOG_COMPILER_APPICON_NAME = AppIcon;
				"ASSETCATALOG_COMPILER_APPICON_NAME[sdk=iphoneos*]" = AppIcon;
				ASSETCATALOG_COMPILER_GLOBAL_ACCENT_COLOR_NAME = AccentColor;
				ASSETCATALOG_COMPILER_INCLUDE_ALL_APPICON_ASSETS = YES;
				CODE_SIGN_ENTITLEMENTS = "daily kansha/daily_kansha.entitlements";
				CODE_SIGN_STYLE = Automatic;
				CURRENT_PROJECT_VERSION = 1;
				DEVELOPMENT_ASSET_PATHS = "\"daily kansha/Preview Content\"";
				DEVELOPMENT_TEAM = 3C9JXZ77Y6;
				ENABLE_PREVIEWS = YES;
				GENERATE_INFOPLIST_FILE = YES;
				INFOPLIST_KEY_CFBundleDisplayName = "Daily Kansha";
				"INFOPLIST_KEY_UIApplicationSceneManifest_Generation[sdk=iphoneos*]" = YES;
				"INFOPLIST_KEY_UIApplicationSceneManifest_Generation[sdk=iphonesimulator*]" = YES;
				"INFOPLIST_KEY_UIApplicationSupportsIndirectInputEvents[sdk=iphoneos*]" = YES;
				"INFOPLIST_KEY_UIApplicationSupportsIndirectInputEvents[sdk=iphonesimulator*]" = YES;
				"INFOPLIST_KEY_UILaunchScreen_Generation[sdk=iphoneos*]" = YES;
				"INFOPLIST_KEY_UILaunchScreen_Generation[sdk=iphonesimulator*]" = YES;
				"INFOPLIST_KEY_UIStatusBarStyle[sdk=iphoneos*]" = UIStatusBarStyleDefault;
				"INFOPLIST_KEY_UIStatusBarStyle[sdk=iphonesimulator*]" = UIStatusBarStyleDefault;
				INFOPLIST_KEY_UISupportedInterfaceOrientations_iPad = "UIInterfaceOrientationPortrait UIInterfaceOrientationPortraitUpsideDown UIInterfaceOrientationLandscapeLeft UIInterfaceOrientationLandscapeRight";
				INFOPLIST_KEY_UISupportedInterfaceOrientations_iPhone = "UIInterfaceOrientationPortrait UIInterfaceOrientationLandscapeLeft UIInterfaceOrientationLandscapeRight";
				IPHONEOS_DEPLOYMENT_TARGET = 15.0;
				LD_RUNPATH_SEARCH_PATHS = "@executable_path/Frameworks";
				"LD_RUNPATH_SEARCH_PATHS[sdk=macosx*]" = "@executable_path/../Frameworks";
				MACOSX_DEPLOYMENT_TARGET = 12.7;
				MARKETING_VERSION = 1.0;
				PRODUCT_BUNDLE_IDENTIFIER = "com.theld.me21.daily-kansha";
				PRODUCT_NAME = "$(TARGET_NAME)";
				SDKROOT = auto;
				SUPPORTED_PLATFORMS = "iphoneos iphonesimulator";
				SUPPORTS_MACCATALYST = NO;
				SUPPORTS_MAC_DESIGNED_FOR_IPHONE_IPAD = NO;
				SWIFT_EMIT_LOC_STRINGS = YES;
				SWIFT_VERSION = 5.0;
				TARGETED_DEVICE_FAMILY = "1,2";
			};
			name = Release;
		};
/* End XCBuildConfiguration section */

/* Begin XCConfigurationList section */
		3BE1B3532E4F7366008282B2 /* Build configuration list for PBXProject "daily kansha" */ = {
			isa = XCConfigurationList;
			buildConfigurations = (
				3BE1B3652E4F7368008282B2 /* Debug */,
				3BE1B3662E4F7368008282B2 /* Release */,
			);
			defaultConfigurationIsVisible = 0;
			defaultConfigurationName = Release;
		};
		3BE1B3672E4F7368008282B2 /* Build configuration list for PBXNativeTarget "daily kansha" */ = {
			isa = XCConfigurationList;
			buildConfigurations = (
				3BE1B3682E4F7368008282B2 /* Debug */,
				3BE1B3692E4F7368008282B2 /* Release */,
			);
			defaultConfigurationIsVisible = 0;
			defaultConfigurationName = Release;
		};
/* End XCConfigurationList section */
	};
	rootObject = 3BE1B3502E4F7366008282B2 /* Project object */;
}
